
Microsoft Visual Studio Solution File, Format Version 12.00
# Visual Studio 14
VisualStudioVersion = 14.0.25420.1
MinimumVisualStudioVersion = 10.0.40219.1
Project("{FAE04EC0-301F-11D3-BF4B-00C04F79EFBC}") = "SebbyLib", "SebbyLib\SebbyLib.csproj", "{D75F5028-FD28-4BE8-9F44-5C606E5EF944}"
EndProject
Global
	GlobalSection(SolutionConfigurationPlatforms) = preSolution
		Debug|Any CPU = Debug|Any CPU
		Release|Any CPU = Release|Any CPU
	EndGlobalSection
	GlobalSection(ProjectConfigurationPlatforms) = postSolution
		{D75F5028-FD28-4BE8-9F44-5C606E5EF944}.Debug|Any CPU.ActiveCfg = Debug|Any CPU
		{D75F5028-FD28-4BE8-9F44-5C606E5EF944}.Debug|Any CPU.Build.0 = Debug|Any CPU
		{D75F5028-FD28-4BE8-9F44-5C606E5EF944}.Release|Any CPU.ActiveCfg = Release|Any CPU
		{D75F5028-FD28-4BE8-9F44-5C606E5EF944}.Release|Any CPU.Build.0 = Release|Any CPU
	EndGlobalSection
	GlobalSection(SolutionProperties) = preSolution
		HideSolutionNode = FALSE
	EndGlobalSection
EndGlobal
